
Microsoft Visual Studio Solution File, Format Version 12.00
# Visual Studio Version 17
VisualStudioVersion = 17.14.36212.18 d17.14
MinimumVisualStudioVersion = 10.0.40219.1
Project("{FAE04EC0-301F-11D3-BF4B-00C04F79EFBC}") = "novogodisnjaNADA", "novogodisnjaNADA\novogodisnjaNADA.csproj", "{659A578C-DAE0-4457-9DD9-95591FF1E00C}"
EndProject
Global
	GlobalSection(SolutionConfigurationPlatforms) = preSolution
		Debug|Any CPU = Debug|Any CPU
		Release|Any CPU = Release|Any CPU
	EndGlobalSection
	GlobalSection(ProjectConfigurationPlatforms) = postSolution
		{659A578C-DAE0-4457-9DD9-95591FF1E00C}.Debug|Any CPU.ActiveCfg = Debug|Any CPU
		{659A578C-DAE0-4457-9DD9-95591FF1E00C}.Debug|Any CPU.Build.0 = Debug|Any CPU
		{659A578C-DAE0-4457-9DD9-95591FF1E00C}.Release|Any CPU.ActiveCfg = Release|Any CPU
		{659A578C-DAE0-4457-9DD9-95591FF1E00C}.Release|Any CPU.Build.0 = Release|Any CPU
	EndGlobalSection
	GlobalSection(SolutionProperties) = preSolution
		HideSolutionNode = FALSE
	EndGlobalSection
	GlobalSection(ExtensibilityGlobals) = postSolution
		SolutionGuid = {F2F318A0-30CD-4932-9D0E-67AC6C3C46DB}
	EndGlobalSection
EndGlobal
